
Microsoft Visual Studio Solution File, Format Version 12.00
# Visual Studio 2013
VisualStudioVersion = 12.0.21005.1
MinimumVisualStudioVersion = 10.0.40219.1
Project("{FAE04EC0-301F-11D3-BF4B-00C04F79EFBC}") = "WhatsNewAttributes", "WhatsNewAttributes\WhatsNewAttributes.csproj", "{2CA8F019-74FD-401D-97C5-B5E438E5B897}"
EndProject
Project("{FAE04EC0-301F-11D3-BF4B-00C04F79EFBC}") = "VectorClass", "VectorClass\VectorClass.csproj", "{446A1B97-21E3-4D20-AFD8-FCB0691AB0AF}"
EndProject
Project("{FAE04EC0-301F-11D3-BF4B-00C04F79EFBC}") = "LookUpWhatsNew", "LookUpWhatsNew\LookUpWhatsNew.csproj", "{005454CE-E583-4E7A-B23C-AFB012C9D477}"
EndProject
Global
	GlobalSection(SolutionConfigurationPlatforms) = preSolution
		Debug|Any CPU = Debug|Any CPU
		Release|Any CPU = Release|Any CPU
	EndGlobalSection
	GlobalSection(ProjectConfigurationPlatforms) = postSolution
		{2CA8F019-74FD-401D-97C5-B5E438E5B897}.Debug|Any CPU.ActiveCfg = Debug|Any CPU
		{2CA8F019-74FD-401D-97C5-B5E438E5B897}.Debug|Any CPU.Build.0 = Debug|Any CPU
		{2CA8F019-74FD-401D-97C5-B5E438E5B897}.Release|Any CPU.ActiveCfg = Release|Any CPU
		{2CA8F019-74FD-401D-97C5-B5E438E5B897}.Release|Any CPU.Build.0 = Release|Any CPU
		{446A1B97-21E3-4D20-AFD8-FCB0691AB0AF}.Debug|Any CPU.ActiveCfg = Debug|Any CPU
		{446A1B97-21E3-4D20-AFD8-FCB0691AB0AF}.Debug|Any CPU.Build.0 = Debug|Any CPU
		{446A1B97-21E3-4D20-AFD8-FCB0691AB0AF}.Release|Any CPU.ActiveCfg = Release|Any CPU
		{446A1B97-21E3-4D20-AFD8-FCB0691AB0AF}.Release|Any CPU.Build.0 = Release|Any CPU
		{005454CE-E583-4E7A-B23C-AFB012C9D477}.Debug|Any CPU.ActiveCfg = Debug|Any CPU
		{005454CE-E583-4E7A-B23C-AFB012C9D477}.Debug|Any CPU.Build.0 = Debug|Any CPU
		{005454CE-E583-4E7A-B23C-AFB012C9D477}.Release|Any CPU.ActiveCfg = Release|Any CPU
		{005454CE-E583-4E7A-B23C-AFB012C9D477}.Release|Any CPU.Build.0 = Release|Any CPU
	EndGlobalSection
	GlobalSection(SolutionProperties) = preSolution
		HideSolutionNode = FALSE
	EndGlobalSection
EndGlobal
